
Microsoft Visual Studio Solution File, Format Version 12.00
# Visual Studio 15
VisualStudioVersion = 15.0.26730.8
MinimumVisualStudioVersion = 10.0.40219.1
Project("{2150E333-8FDC-42A3-9474-1A3956D46DE8}") = "Dependencies", "Dependencies", "{53233E8C-3868-4F6A-806B-C2122B76197E}"
EndProject
Project("{FAE04EC0-301F-11D3-BF4B-00C04F79EFBC}") = "HarmonizeGit.Tests", "HarmonizeGit.Tests\HarmonizeGit.Tests.csproj", "{AC08D4EA-B582-4A4A-9EE9-C859CD372591}"
EndProject
Project("{FAE04EC0-301F-11D3-BF4B-00C04F79EFBC}") = "HarmonizeGit", "HarmonizeGit\HarmonizeGit.csproj", "{8D8330AB-B1F9-4769-846E-5A606543DCAA}"
EndProject
Project("{FAE04EC0-301F-11D3-BF4B-00C04F79EFBC}") = "FishingWithGit.Tests.Common", "..\FishingWithGit\FishingWithGit.Tests.Common\FishingWithGit.Tests.Common.csproj", "{49385417-D1F6-4C8D-827C-8CE6D79203F9}"
EndProject
Project("{FAE04EC0-301F-11D3-BF4B-00C04F79EFBC}") = "FishingWithGit.Common", "..\FishingWithGit\FishingWithGit.Common\FishingWithGit.Common.csproj", "{A99553E3-D288-482A-9BC8-AE0BF4F32ACF}"
EndProject
Project("{FAE04EC0-301F-11D3-BF4B-00C04F79EFBC}") = "HarmonizeGit.Tester", "HarmonizeGit.Tester\HarmonizeGit.Tester.csproj", "{B597FF88-233E-432D-B3F9-D46724293276}"
EndProject
Project("{54435603-DBB4-11D2-8724-00A0C9A8B90C}") = "Setup", "Setup\Setup.vdproj", "{22CFFA22-2F94-46E2-93C3-1AC395D04AE1}"
EndProject
Project("{FAE04EC0-301F-11D3-BF4B-00C04F79EFBC}") = "HarmonizeGit.GUI", "HarmonizeGit.GUI\HarmonizeGit.GUI.csproj", "{7CB1A91A-E6A3-4ECD-B74E-B545B0E7A3C0}"
EndProject
Project("{FAE04EC0-301F-11D3-BF4B-00C04F79EFBC}") = "Noggog.WPF", "..\CSharpExt\Noggog.WPF\Noggog.WPF.csproj", "{BCBEB6F3-9D2F-4491-8DDF-7E711B1F5252}"
EndProject
Project("{9A19103F-16F7-4668-BE54-9A1E7A4F7556}") = "CSharpExt", "..\CSharpExt\CSharpExt\CSharpExt.csproj", "{46A9E17C-E69D-434B-B569-87AA3967D7E3}"
EndProject
Project("{9A19103F-16F7-4668-BE54-9A1E7A4F7556}") = "DynamicData", "..\DynamicData\DynamicData\DynamicData.csproj", "{79412056-5B18-4F6A-B3C9-862170AC1A6F}"
EndProject
Project("{9A19103F-16F7-4668-BE54-9A1E7A4F7556}") = "Loqui.Generation", "..\Loqui\Loqui.Generation\Loqui.Generation.csproj", "{680D4322-C0C7-454B-9A96-EEAF8E7B464C}"
EndProject
Project("{9A19103F-16F7-4668-BE54-9A1E7A4F7556}") = "Loqui.Presentation", "..\Loqui\Loqui.Presentation\Loqui.Presentation.csproj", "{E952B3C4-87CA-4E84-B25D-063FE0556120}"
EndProject
Project("{9A19103F-16F7-4668-BE54-9A1E7A4F7556}") = "Loqui", "..\Loqui\Loqui\Loqui.csproj", "{AC73A836-AB97-463C-9C51-765214654ACC}"
EndProject
Project("{FAE04EC0-301F-11D3-BF4B-00C04F79EFBC}") = "HarmonizeGit.Generator", "HarmonizeGit.Generator\HarmonizeGit.Generator.csproj", "{AF015E31-9070-4653-A66D-3FAE4CAC3758}"
EndProject
Global
	GlobalSection(SolutionConfigurationPlatforms) = preSolution
		Debug|Any CPU = Debug|Any CPU
		Release|Any CPU = Release|Any CPU
	EndGlobalSection
	GlobalSection(ProjectConfigurationPlatforms) = postSolution
		{AC08D4EA-B582-4A4A-9EE9-C859CD372591}.Debug|Any CPU.ActiveCfg = Debug|Any CPU
		{AC08D4EA-B582-4A4A-9EE9-C859CD372591}.Debug|Any CPU.Build.0 = Debug|Any CPU
		{AC08D4EA-B582-4A4A-9EE9-C859CD372591}.Release|Any CPU.ActiveCfg = Release|Any CPU
		{AC08D4EA-B582-4A4A-9EE9-C859CD372591}.Release|Any CPU.Build.0 = Release|Any CPU
		{8D8330AB-B1F9-4769-846E-5A606543DCAA}.Debug|Any CPU.ActiveCfg = Debug|Any CPU
		{8D8330AB-B1F9-4769-846E-5A606543DCAA}.Debug|Any CPU.Build.0 = Debug|Any CPU
		{8D8330AB-B1F9-4769-846E-5A606543DCAA}.Release|Any CPU.ActiveCfg = Release|Any CPU
		{8D8330AB-B1F9-4769-846E-5A606543DCAA}.Release|Any CPU.Build.0 = Release|Any CPU
		{49385417-D1F6-4C8D-827C-8CE6D79203F9}.Debug|Any CPU.ActiveCfg = Debug|Any CPU
		{49385417-D1F6-4C8D-827C-8CE6D79203F9}.Debug|Any CPU.Build.0 = Debug|Any CPU
		{49385417-D1F6-4C8D-827C-8CE6D79203F9}.Release|Any CPU.ActiveCfg = Release|Any CPU
		{49385417-D1F6-4C8D-827C-8CE6D79203F9}.Release|Any CPU.Build.0 = Release|Any CPU
		{A99553E3-D288-482A-9BC8-AE0BF4F32ACF}.Debug|Any CPU.ActiveCfg = Debug|Any CPU
		{A99553E3-D288-482A-9BC8-AE0BF4F32ACF}.Debug|Any CPU.Build.0 = Debug|Any CPU
		{A99553E3-D288-482A-9BC8-AE0BF4F32ACF}.Release|Any CPU.ActiveCfg = Release|Any CPU
		{A99553E3-D288-482A-9BC8-AE0BF4F32ACF}.Release|Any CPU.Build.0 = Release|Any CPU
		{B597FF88-233E-432D-B3F9-D46724293276}.Debug|Any CPU.ActiveCfg = Debug|Any CPU
		{B597FF88-233E-432D-B3F9-D46724293276}.Debug|Any CPU.Build.0 = Debug|Any CPU
		{B597FF88-233E-432D-B3F9-D46724293276}.Release|Any CPU.ActiveCfg = Release|Any CPU
		{B597FF88-233E-432D-B3F9-D46724293276}.Release|Any CPU.Build.0 = Release|Any CPU
		{22CFFA22-2F94-46E2-93C3-1AC395D04AE1}.Debug|Any CPU.ActiveCfg = Debug
		{22CFFA22-2F94-46E2-93C3-1AC395D04AE1}.Release|Any CPU.ActiveCfg = Release
		{7CB1A91A-E6A3-4ECD-B74E-B545B0E7A3C0}.Debug|Any CPU.ActiveCfg = Debug|Any CPU
		{7CB1A91A-E6A3-4ECD-B74E-B545B0E7A3C0}.Debug|Any CPU.Build.0 = Debug|Any CPU
		{7CB1A91A-E6A3-4ECD-B74E-B545B0E7A3C0}.Release|Any CPU.ActiveCfg = Release|Any CPU
		{7CB1A91A-E6A3-4ECD-B74E-B545B0E7A3C0}.Release|Any CPU.Build.0 = Release|Any CPU
		{BCBEB6F3-9D2F-4491-8DDF-7E711B1F5252}.Debug|Any CPU.ActiveCfg = Debug|Any CPU
		{BCBEB6F3-9D2F-4491-8DDF-7E711B1F5252}.Debug|Any CPU.Build.0 = Debug|Any CPU
		{BCBEB6F3-9D2F-4491-8DDF-7E711B1F5252}.Release|Any CPU.ActiveCfg = Release|Any CPU
		{BCBEB6F3-9D2F-4491-8DDF-7E711B1F5252}.Release|Any CPU.Build.0 = Release|Any CPU
		{46A9E17C-E69D-434B-B569-87AA3967D7E3}.Debug|Any CPU.ActiveCfg = Debug|Any CPU
		{46A9E17C-E69D-434B-B569-87AA3967D7E3}.Debug|Any CPU.Build.0 = Debug|Any CPU
		{46A9E17C-E69D-434B-B569-87AA3967D7E3}.Release|Any CPU.ActiveCfg = Release|Any CPU
		{46A9E17C-E69D-434B-B569-87AA3967D7E3}.Release|Any CPU.Build.0 = Release|Any CPU
		{79412056-5B18-4F6A-B3C9-862170AC1A6F}.Debug|Any CPU.ActiveCfg = Debug|Any CPU
		{79412056-5B18-4F6A-B3C9-862170AC1A6F}.Debug|Any CPU.Build.0 = Debug|Any CPU
		{79412056-5B18-4F6A-B3C9-862170AC1A6F}.Release|Any CPU.ActiveCfg = Release|Any CPU
		{79412056-5B18-4F6A-B3C9-862170AC1A6F}.Release|Any CPU.Build.0 = Release|Any CPU
		{680D4322-C0C7-454B-9A96-EEAF8E7B464C}.Debug|Any CPU.ActiveCfg = Debug|Any CPU
		{680D4322-C0C7-454B-9A96-EEAF8E7B464C}.Debug|Any CPU.Build.0 = Debug|Any CPU
		{680D4322-C0C7-454B-9A96-EEAF8E7B464C}.Release|Any CPU.ActiveCfg = Release|Any CPU
		{680D4322-C0C7-454B-9A96-EEAF8E7B464C}.Release|Any CPU.Build.0 = Release|Any CPU
		{E952B3C4-87CA-4E84-B25D-063FE0556120}.Debug|Any CPU.ActiveCfg = Debug|Any CPU
		{E952B3C4-87CA-4E84-B25D-063FE0556120}.Debug|Any CPU.Build.0 = Debug|Any CPU
		{E952B3C4-87CA-4E84-B25D-063FE0556120}.Release|Any CPU.ActiveCfg = Release|Any CPU
		{E952B3C4-87CA-4E84-B25D-063FE0556120}.Release|Any CPU.Build.0 = Release|Any CPU
		{AC73A836-AB97-463C-9C51-765214654ACC}.Debug|Any CPU.ActiveCfg = Debug|Any CPU
		{AC73A836-AB97-463C-9C51-765214654ACC}.Debug|Any CPU.Build.0 = Debug|Any CPU
		{AC73A836-AB97-463C-9C51-765214654ACC}.Release|Any CPU.ActiveCfg = Release|Any CPU
		{AC73A836-AB97-463C-9C51-765214654ACC}.Release|Any CPU.Build.0 = Release|Any CPU
		{AF015E31-9070-4653-A66D-3FAE4CAC3758}.Debug|Any CPU.ActiveCfg = Debug|Any CPU
		{AF015E31-9070-4653-A66D-3FAE4CAC3758}.Debug|Any CPU.Build.0 = Debug|Any CPU
		{AF015E31-9070-4653-A66D-3FAE4CAC3758}.Release|Any CPU.ActiveCfg = Release|Any CPU
		{AF015E31-9070-4653-A66D-3FAE4CAC3758}.Release|Any CPU.Build.0 = Release|Any CPU
	EndGlobalSection
	GlobalSection(SolutionProperties) = preSolution
		HideSolutionNode = FALSE
	EndGlobalSection
	GlobalSection(NestedProjects) = preSolution
		{49385417-D1F6-4C8D-827C-8CE6D79203F9} = {53233E8C-3868-4F6A-806B-C2122B76197E}
		{A99553E3-D288-482A-9BC8-AE0BF4F32ACF} = {53233E8C-3868-4F6A-806B-C2122B76197E}
		{BCBEB6F3-9D2F-4491-8DDF-7E711B1F5252} = {53233E8C-3868-4F6A-806B-C2122B76197E}
		{46A9E17C-E69D-434B-B569-87AA3967D7E3} = {53233E8C-3868-4F6A-806B-C2122B76197E}
		{79412056-5B18-4F6A-B3C9-862170AC1A6F} = {53233E8C-3868-4F6A-806B-C2122B76197E}
		{680D4322-C0C7-454B-9A96-EEAF8E7B464C} = {53233E8C-3868-4F6A-806B-C2122B76197E}
		{E952B3C4-87CA-4E84-B25D-063FE0556120} = {53233E8C-3868-4F6A-806B-C2122B76197E}
		{AC73A836-AB97-463C-9C51-765214654ACC} = {53233E8C-3868-4F6A-806B-C2122B76197E}
	EndGlobalSection
	GlobalSection(ExtensibilityGlobals) = postSolution
		SolutionGuid = {4A0E7A05-B6A9-4908-A5C9-3C16AF6E540C}
	EndGlobalSection
EndGlobal
